{
    "_meta": {
        "hash": {
            "sha256": "2e5be31aef7b0bdcdb0271ff20ef90963f36d702d640c6b2a2473286373136d3"
        },
        "pipfile-spec": 6,
        "requires": {
            "python_version": "3.7"
        },
        "sources": [
            {
                "name": "pypi",
                "url": "https://pypi.org/simple",
                "verify_ssl": true
            }
        ]
    },
    "default": {
        "certifi": {
            "hashes": [
                "sha256:1a4995114262bffbc2413b159f2a1a480c969de6e6eb13ee966d470af86af59c",
                "sha256:719a74fb9e33b9bd44cc7f3a8d94bc35e4049deebe19ba7d8e108280cfd59830"
            ],
            "version": "==2020.12.5"
        },
        "chardet": {
            "hashes": [
                "sha256:0d6f53a15db4120f2b08c94f11e7d93d2c911ee118b6b30a04ec3ee8310179fa",
                "sha256:f864054d66fd9118f2e67044ac8981a54775ec5b67aed0441892edb553d21da5"
            ],
            "version": "==4.0.0"
        },
        "docutils": {
            "hashes": [
                "sha256:0c5b78adfbf7762415433f5515cd5c9e762339e23369dbe8000d84a4bf4ab3af",
                "sha256:c2de3a60e9e7d07be26b7f2b00ca0309c207e06c100f9cc2a94931fc75a478fc"
            ],
            "version": "==0.16"
        },
        "idna": {
            "hashes": [
                "sha256:b307872f855b18632ce0c21c5e45be78c0ea7ae4c15c828c20788b26921eb3f6",
                "sha256:b97d804b1e9b523befed77c48dacec60e6dcb0b5391d57af6a65a312a90648c0"
            ],
            "version": "==2.10"
        },
        "kivy": {
            "hashes": [
                "sha256:05985f3e16065a476293695cef39f0b8faa81353475692b8c60ca2530ba08175",
                "sha256:44a64f72182dd40aceef2041259359513dafeeecc0891d2d23056799d51babb0",
                "sha256:48a0d3edf8fbc9206ebb7abae8d7e2017c5d5f81cf6e76c2e5510193d607420e",
                "sha256:6bbeccc9c52a264fb53b7aaa344d865f054da09cc08e15b482754c2d4e3a5cfd",
                "sha256:7131a24e30b80f9b7b6e7a1c124f0b5002ef58de35856aff38762b216a4e77fb",
                "sha256:77cd45a1aee9061c7474020def1b7b31eb4665e5424c45c23a6a7e4f5afee6b9",
                "sha256:7ce9e88b75de47a3f1d52cbe6924c18cafc83fa102e54f6794d241746e93fdff",
                "sha256:8f912c0742c7f9582676106ae5a526c3f38bc01a196edd26186c74975b08fad0",
                "sha256:952d7483b4f29ebeabb612897cdfdcdd12c33f1bdb51fb0082d36dfcf543ec0b",
                "sha256:b0ec00fd3a6dbe56c31510151e8bb14f54390dbc31c5047d61aa90d069c5ec04",
                "sha256:c4ad43fb04c899be27baa5a6e382c79620fc3602213221cb97da2280f345b2d6",
                "sha256:cb6f052d69748a7db70970e5a8ee3d96506751fcfcc8bf979424fcd788473037",
                "sha256:d1113ee88eaff5127ecc05121570f1f2adec21d7f1699ef1c6c2bf4396e51578"
            ],
            "index": "pypi",
            "version": "==1.10.1"
        },
        "kivy-garden": {
            "hashes": [
                "sha256:c256f42788421273a08fbb0a228f0fb0e80dd86b629fb8c0920507f645be6c72"
            ],
            "version": "==0.1.4"
        },
        "pygments": {
            "hashes": [
                "sha256:bc9591213a8f0e0ca1a5e68a479b4887fdc3e75d0774e5c71c31920c427de435",
                "sha256:df49d09b498e83c1a73128295860250b0b7edd4c723a32e9bc0d295c7c2ec337"
            ],
            "index": "pypi",
            "version": "==2.7.4"
        },
        "requests": {
            "hashes": [
                "sha256:27973dd4a904a4f13b263a19c866c13b92a39ed1c964655f025f3f8d3d75b804",
                "sha256:c210084e36a42ae6b9219e00e48287def368a26d03a048ddad7bfee44f75871e"
            ],
            "version": "==2.25.1"
        },
        "urllib3": {
            "hashes": [
                "sha256:2f4da4594db7e1e110a944bb1b551fdf4e6c136ad42e4234131391e21eb5b0df",
                "sha256:e7b021f7241115872f92f43c6508082facffbd1c048e3c6e2bb9c2a157e28937"
            ],
            "version": "==1.26.4"
        }
    },
    "develop": {}
}
